{
    "_readme": [
        "This file locks the dependencies of your project to a known state",
        "Read more about it at https://getcomposer.org/doc/01-basic-usage.md#installing-dependencies",
        "This file is @generated automatically"
    ],
    "content-hash": "60a8e612a1bde4c5c38d0041cc40da8c",
    "packages": [
        {
            "name": "squizlabs/php_codesniffer",
            "version": "3.4.0",
            "source": {
                "type": "git",
                "url": "https://github.com/squizlabs/PHP_CodeSniffer.git",
                "reference": "379deb987e26c7cd103a7b387aea178baec96e48"
            },
            "dist": {
                "type": "zip",
                "url": "https://api.github.com/repos/squizlabs/PHP_CodeSniffer/zipball/379deb987e26c7cd103a7b387aea178baec96e48",
                "reference": "379deb987e26c7cd103a7b387aea178baec96e48",
                "shasum": ""
            },
            "require": {
                "ext-simplexml": "*",
                "ext-tokenizer": "*",
                "ext-xmlwriter": "*",
                "php": ">=5.4.0"
            },
            "require-dev": {
                "phpunit/phpunit": "^4.0 || ^5.0 || ^6.0 || ^7.0"
            },
            "bin": [
                "bin/phpcs",
                "bin/phpcbf"
            ],
            "type": "library",
            "extra": {
                "branch-alias": {
                    "dev-master": "3.x-dev"
                }
            },
            "notification-url": "https://packagist.org/downloads/",
            "license": [
                "BSD-3-Clause"
            ],
            "authors": [
                {
                    "name": "Greg Sherwood",
                    "role": "lead"
                }
            ],
            "description": "PHP_CodeSniffer tokenizes PHP, JavaScript and CSS files and detects violations of a defined set of coding standards.",
            "homepage": "http://www.squizlabs.com/php-codesniffer",
            "keywords": [
                "phpcs",
                "standards"
            ],
            "time": "2018-12-19T23:57:18+00:00"
        }
    ],
    "packages-dev": [
        {
            "name": "dealerdirect/phpcodesniffer-composer-installer",
            "version": "v0.5.0",
            "source": {
                "type": "git",
                "url": "https://github.com/Dealerdirect/phpcodesniffer-composer-installer.git",
                "reference": "e749410375ff6fb7a040a68878c656c2e610b132"
            },
            "dist": {
                "type": "zip",
                "url": "https://api.github.com/repos/Dealerdirect/phpcodesniffer-composer-installer/zipball/e749410375ff6fb7a040a68878c656c2e610b132",
                "reference": "e749410375ff6fb7a040a68878c656c2e610b132",
                "shasum": ""
            },
            "require": {
                "composer-plugin-api": "^1.0",
                "php": "^5.3|^7",
                "squizlabs/php_codesniffer": "^2|^3"
            },
            "require-dev": {
                "composer/composer": "*",
                "phpcompatibility/php-compatibility": "^9.0",
                "sensiolabs/security-checker": "^4.1.0"
            },
            "type": "composer-plugin",
            "extra": {
                "class": "Dealerdirect\\Composer\\Plugin\\Installers\\PHPCodeSniffer\\Plugin"
            },
            "autoload": {
                "psr-4": {
                    "Dealerdirect\\Composer\\Plugin\\Installers\\PHPCodeSniffer\\": "src/"
                }
            },
            "notification-url": "https://packagist.org/downloads/",
            "license": [
                "MIT"
            ],
            "authors": [
                {
                    "name": "Franck Nijhof",
                    "email": "franck.nijhof@dealerdirect.com",
                    "homepage": "http://www.frenck.nl",
                    "role": "Developer / IT Manager"
                }
            ],
            "description": "PHP_CodeSniffer Standards Composer Installer Plugin",
            "homepage": "http://www.dealerdirect.com",
            "keywords": [
                "PHPCodeSniffer",
                "PHP_CodeSniffer",
                "code quality",
                "codesniffer",
                "composer",
                "installer",
                "phpcs",
                "plugin",
                "qa",
                "quality",
                "standard",
                "standards",
                "style guide",
                "stylecheck",
                "tests"
            ],
            "time": "2018-10-26T13:21:45+00:00"
        },
        {
            "name": "sirbrillig/phpcs-variable-analysis",
            "version": "v2.0",
            "source": {
                "type": "git",
                "url": "https://github.com/sirbrillig/phpcs-variable-analysis.git",
                "reference": "ab7460330bc261499bb9a9b56f2d8f5d2c8ef64a"
            },
            "dist": {
                "type": "zip",
                "url": "https://api.github.com/repos/sirbrillig/phpcs-variable-analysis/zipball/ab7460330bc261499bb9a9b56f2d8f5d2c8ef64a",
                "reference": "ab7460330bc261499bb9a9b56f2d8f5d2c8ef64a",
                "shasum": ""
            },
            "type": "phpcodesniffer-standard",
            "notification-url": "https://packagist.org/downloads/",
            "license": [
                "BSD"
            ],
            "authors": [
                {
                    "name": "Payton Swick",
                    "email": "payton@foolord.com"
                }
            ],
            "description": "A PHPCS sniff to detect problems with variables.",
            "time": "2017-11-03T18:09:07+00:00"
        }
    ],
    "aliases": [],
    "minimum-stability": "stable",
    "stability-flags": [],
    "prefer-stable": false,
    "prefer-lowest": false,
    "platform": [],
    "platform-dev": [],
    "platform-overrides": {
        "php": "5.4.16"
    }
}
